// !$*UTF8*$!
{
	archiveVersion = 1;
	classes = {
	};
	objectVersion = 46;
	objects = {

/* Begin PBXBuildFile section */
		93A0E79C1CCDC38B006C0DB6 /* BeanUtils.m in Sources */ = {isa = PBXBuildFile; fileRef = 93A0E79B1CCDC38B006C0DB6 /* BeanUtils.m */; };
		DD4374E71CB49ADC0044D862 /* main.m in Sources */ = {isa = PBXBuildFile; fileRef = DD4374E61CB49ADC0044D862 /* main.m */; };
		DD4374EA1CB49ADC0044D862 /* AppDelegate.m in Sources */ = {isa = PBXBuildFile; fileRef = DD4374E91CB49ADC0044D862 /* AppDelegate.m */; };
		DD4374F01CB49ADC0044D862 /* Main.storyboard in Resources */ = {isa = PBXBuildFile; fileRef = DD4374EE1CB49ADC0044D862 /* Main.storyboard */; };
		DD4374F21CB49ADC0044D862 /* Assets.xcassets in Resources */ = {isa = PBXBuildFile; fileRef = DD4374F11CB49ADC0044D862 /* Assets.xcassets */; };
		DD4374F51CB49ADC0044D862 /* LaunchScreen.storyboard in Resources */ = {isa = PBXBuildFile; fileRef = DD4374F31CB49ADC0044D862 /* LaunchScreen.storyboard */; };
		DD43750B1CB49D0A0044D862 /* SportAccumulationView.m in Sources */ = {isa = PBXBuildFile; fileRef = DD4374FF1CB49D0A0044D862 /* SportAccumulationView.m */; };
		DD43750C1CB49D0A0044D862 /* SportAccumulationView.xib in Resources */ = {isa = PBXBuildFile; fileRef = DD4375001CB49D0A0044D862 /* SportAccumulationView.xib */; };
		DD43750F1CB49D0A0044D862 /* MainSportViewController.m in Sources */ = {isa = PBXBuildFile; fileRef = DD4375091CB49D0A0044D862 /* MainSportViewController.m */; };
		DD4375151CB4A6070044D862 /* SportAccumulationCircleView.m in Sources */ = {isa = PBXBuildFile; fileRef = DD4375141CB4A6070044D862 /* SportAccumulationCircleView.m */; };
		E549F8C01CBB9258007154F9 /* AMapLocationKit.framework in Frameworks */ = {isa = PBXBuildFile; fileRef = E549F8BF1CBB9258007154F9 /* AMapLocationKit.framework */; };
		E549F8C81CBCD995007154F9 /* iRun.xcdatamodeld in Sources */ = {isa = PBXBuildFile; fileRef = E549F8C61CBCD995007154F9 /* iRun.xcdatamodeld */; };
		E549F8CD1CBCDA0F007154F9 /* CommonDao.m in Sources */ = {isa = PBXBuildFile; fileRef = E549F8CA1CBCDA0F007154F9 /* CommonDao.m */; };
		E549F8CE1CBCDA0F007154F9 /* ContextManager.m in Sources */ = {isa = PBXBuildFile; fileRef = E549F8CC1CBCDA0F007154F9 /* ContextManager.m */; };
		E549F8DE1CBDDCF8007154F9 /* MenuAppLogoTableViewCell.m in Sources */ = {isa = PBXBuildFile; fileRef = E549F8DC1CBDDCF8007154F9 /* MenuAppLogoTableViewCell.m */; };
		E549F8DF1CBDDCF8007154F9 /* MenuAppLogoTableViewCell.xib in Resources */ = {isa = PBXBuildFile; fileRef = E549F8DD1CBDDCF8007154F9 /* MenuAppLogoTableViewCell.xib */; };
		E549F8E21CBE35EE007154F9 /* PedometerViewController.m in Sources */ = {isa = PBXBuildFile; fileRef = E549F8E11CBE35EE007154F9 /* PedometerViewController.m */; };
		E55D79EA1CC4C7F50088930C /* SportResultViewController.m in Sources */ = {isa = PBXBuildFile; fileRef = E55D79E91CC4C7F50088930C /* SportResultViewController.m */; };
		E55D79F81CC5C59D0088930C /* SportDistanceCell.m in Sources */ = {isa = PBXBuildFile; fileRef = E55D79F61CC5C59D0088930C /* SportDistanceCell.m */; };
		E55D79F91CC5C59D0088930C /* SportDistanceCell.xib in Resources */ = {isa = PBXBuildFile; fileRef = E55D79F71CC5C59D0088930C /* SportDistanceCell.xib */; };
		E55D79FD1CC5C6D90088930C /* SportDetailItemCell.m in Sources */ = {isa = PBXBuildFile; fileRef = E55D79FB1CC5C6D90088930C /* SportDetailItemCell.m */; };
		E55D79FE1CC5C6D90088930C /* SportDetailItemCell.xib in Resources */ = {isa = PBXBuildFile; fileRef = E55D79FC1CC5C6D90088930C /* SportDetailItemCell.xib */; };
		E55D7A631CC74F2A0088930C /* LPLineChartView.m in Sources */ = {isa = PBXBuildFile; fileRef = E55D7A5E1CC74F2A0088930C /* LPLineChartView.m */; };
		E55D7A641CC74F2A0088930C /* LPLineChartViewCustomLayout.m in Sources */ = {isa = PBXBuildFile; fileRef = E55D7A601CC74F2A0088930C /* LPLineChartViewCustomLayout.m */; };
		E55D7A651CC74F2A0088930C /* LPLineChartViewLayout.m in Sources */ = {isa = PBXBuildFile; fileRef = E55D7A621CC74F2A0088930C /* LPLineChartViewLayout.m */; };
		E55D7A681CC750150088930C /* SportHistoryViewController.m in Sources */ = {isa = PBXBuildFile; fileRef = E55D7A671CC750150088930C /* SportHistoryViewController.m */; };
		E55D7A6B1CC750400088930C /* SportTrendViewController.m in Sources */ = {isa = PBXBuildFile; fileRef = E55D7A6A1CC750400088930C /* SportTrendViewController.m */; };
		E56128941CD052F60060C720 /* BleDeviceInfo.m in Sources */ = {isa = PBXBuildFile; fileRef = E56128931CD052F60060C720 /* BleDeviceInfo.m */; };
		E56384BE1CB4D95600ED951E /* MAMapKit.framework in Frameworks */ = {isa = PBXBuildFile; fileRef = E56384BD1CB4D95600ED951E /* MAMapKit.framework */; };
		E56384C21CB4D9D600ED951E /* AMap.bundle in Resources */ = {isa = PBXBuildFile; fileRef = E56384C11CB4D9D600ED951E /* AMap.bundle */; };
		E56384C41CB4DA0700ED951E /* UIKit.framework in Frameworks */ = {isa = PBXBuildFile; fileRef = E56384C31CB4DA0700ED951E /* UIKit.framework */; };
		E56384C61CB4DA1300ED951E /* Foundation.framework in Frameworks */ = {isa = PBXBuildFile; fileRef = E56384C51CB4DA1300ED951E /* Foundation.framework */; };
		E56384C81CB4DA1B00ED951E /* CoreGraphics.framework in Frameworks */ = {isa = PBXBuildFile; fileRef = E56384C71CB4DA1B00ED951E /* CoreGraphics.framework */; };
		E56384CA1CB4DA2400ED951E /* QuartzCore.framework in Frameworks */ = {isa = PBXBuildFile; fileRef = E56384C91CB4DA2400ED951E /* QuartzCore.framework */; };
		E56384CC1CB4DA2F00ED951E /* OpenGLES.framework in Frameworks */ = {isa = PBXBuildFile; fileRef = E56384CB1CB4DA2F00ED951E /* OpenGLES.framework */; };
		E56384CE1CB4DA3A00ED951E /* CoreLocation.framework in Frameworks */ = {isa = PBXBuildFile; fileRef = E56384CD1CB4DA3A00ED951E /* CoreLocation.framework */; };
		E56384D01CB4DA4500ED951E /* CoreTelephony.framework in Frameworks */ = {isa = PBXBuildFile; fileRef = E56384CF1CB4DA4500ED951E /* CoreTelephony.framework */; };
		E56384D21CB4DA5000ED951E /* SystemConfiguration.framework in Frameworks */ = {isa = PBXBuildFile; fileRef = E56384D11CB4DA5000ED951E /* SystemConfiguration.framework */; };
		E56384D41CB4DA6300ED951E /* libz.tbd in Frameworks */ = {isa = PBXBuildFile; fileRef = E56384D31CB4DA6300ED951E /* libz.tbd */; };
		E56384D61CB4DA7800ED951E /* libstdc++.6.0.9.tbd in Frameworks */ = {isa = PBXBuildFile; fileRef = E56384D51CB4DA7800ED951E /* libstdc++.6.0.9.tbd */; };
		E56384D81CB4DA8A00ED951E /* libc++.tbd in Frameworks */ = {isa = PBXBuildFile; fileRef = E56384D71CB4DA8A00ED951E /* libc++.tbd */; };
		E56384DA1CB4DA9200ED951E /* Security.framework in Frameworks */ = {isa = PBXBuildFile; fileRef = E56384D91CB4DA9200ED951E /* Security.framework */; };
		E56384E31CB5F6B500ED951E /* CountdownView.m in Sources */ = {isa = PBXBuildFile; fileRef = E56384E21CB5F6B500ED951E /* CountdownView.m */; };
		E56384EA1CB6032900ED951E /* CountdownView.xib in Resources */ = {isa = PBXBuildFile; fileRef = E56384E91CB6032900ED951E /* CountdownView.xib */; };
		E56384ED1CB6052D00ED951E /* SportViewController.m in Sources */ = {isa = PBXBuildFile; fileRef = E56384EC1CB6052D00ED951E /* SportViewController.m */; };
		E56384F91CB7A84100ED951E /* MainMenuViewController.m in Sources */ = {isa = PBXBuildFile; fileRef = E56384F81CB7A84100ED951E /* MainMenuViewController.m */; };
		E5730C511D0555A700DC9D06 /* ShareViewController.m in Sources */ = {isa = PBXBuildFile; fileRef = E5730C4F1D0555A700DC9D06 /* ShareViewController.m */; };
		E5730C521D0555A700DC9D06 /* ShareViewController.xib in Resources */ = {isa = PBXBuildFile; fileRef = E5730C501D0555A700DC9D06 /* ShareViewController.xib */; };
		E5730C561D05615000DC9D06 /* AboutViewController.m in Sources */ = {isa = PBXBuildFile; fileRef = E5730C541D05615000DC9D06 /* AboutViewController.m */; };
		E5730C571D05615000DC9D06 /* AboutViewController.xib in Resources */ = {isa = PBXBuildFile; fileRef = E5730C551D05615000DC9D06 /* AboutViewController.xib */; };
		E57C74651CC0BD5300A56DF8 /* SettingWithSwitchTableViewCell.m in Sources */ = {isa = PBXBuildFile; fileRef = E57C74631CC0BD5300A56DF8 /* SettingWithSwitchTableViewCell.m */; };
		E57C74661CC0BD5300A56DF8 /* SettingWithSwitchTableViewCell.xib in Resources */ = {isa = PBXBuildFile; fileRef = E57C74641CC0BD5300A56DF8 /* SettingWithSwitchTableViewCell.xib */; };
		E57C746A1CC0C03B00A56DF8 /* SettingAgeWeightSexCell.m in Sources */ = {isa = PBXBuildFile; fileRef = E57C74681CC0C03B00A56DF8 /* SettingAgeWeightSexCell.m */; };
		E57C746B1CC0C03B00A56DF8 /* SettingAgeWeightSexCell.xib in Resources */ = {isa = PBXBuildFile; fileRef = E57C74691CC0C03B00A56DF8 /* SettingAgeWeightSexCell.xib */; };
		E57C746E1CC0D8AA00A56DF8 /* DateUtil.m in Sources */ = {isa = PBXBuildFile; fileRef = E57C746D1CC0D8AA00A56DF8 /* DateUtil.m */; };
		E57C74711CC0EA8900A56DF8 /* HeightPickerView.m in Sources */ = {isa = PBXBuildFile; fileRef = E57C74701CC0EA8900A56DF8 /* HeightPickerView.m */; };
		E59AAE461CBF66D5004EDA7B /* UIImage+TintColor.m in Sources */ = {isa = PBXBuildFile; fileRef = E59AAE451CBF66D5004EDA7B /* UIImage+TintColor.m */; };
		E59AAE481CBF7BB1004EDA7B /* LifesenseBluetooth.framework in Frameworks */ = {isa = PBXBuildFile; fileRef = E59AAE471CBF7BB1004EDA7B /* LifesenseBluetooth.framework */; };
		E59AAE4A1CBF7C19004EDA7B /* CoreBluetooth.framework in Frameworks */ = {isa = PBXBuildFile; fileRef = E59AAE491CBF7C19004EDA7B /* CoreBluetooth.framework */; };
		E59AAE531CC08B06004EDA7B /* SportEntity+CoreDataProperties.m in Sources */ = {isa = PBXBuildFile; fileRef = E59AAE501CC08B06004EDA7B /* SportEntity+CoreDataProperties.m */; };
		E59AAE541CC08B06004EDA7B /* SportEntity.m in Sources */ = {isa = PBXBuildFile; fileRef = E59AAE521CC08B06004EDA7B /* SportEntity.m */; };
		E59AAE571CC08BE6004EDA7B /* SportDataLogic.m in Sources */ = {isa = PBXBuildFile; fileRef = E59AAE561CC08BE6004EDA7B /* SportDataLogic.m */; };
		E59AAE5B1CC08C74004EDA7B /* SportDataDto.m in Sources */ = {isa = PBXBuildFile; fileRef = E59AAE5A1CC08C74004EDA7B /* SportDataDto.m */; };
		E59AAE5E1CC0B7CB004EDA7B /* SettingViewController.m in Sources */ = {isa = PBXBuildFile; fileRef = E59AAE5D1CC0B7CB004EDA7B /* SettingViewController.m */; };
		E5BB42C01D002AAF001B939A /* MonthSportDataInfo.m in Sources */ = {isa = PBXBuildFile; fileRef = E5BB42BF1D002AAF001B939A /* MonthSportDataInfo.m */; };
		E5F7CFB81CF2E1FC00BAF9E3 /* SportHistoryCell.m in Sources */ = {isa = PBXBuildFile; fileRef = E5F7CFB61CF2E1FC00BAF9E3 /* SportHistoryCell.m */; };
		E5F7CFB91CF2E1FC00BAF9E3 /* SportHistoryCell.xib in Resources */ = {isa = PBXBuildFile; fileRef = E5F7CFB71CF2E1FC00BAF9E3 /* SportHistoryCell.xib */; };
/* End PBXBuildFile section */

/* Begin PBXFileReference section */
		93A0E79A1CCDC38B006C0DB6 /* BeanUtils.h */ = {isa = PBXFileReference; fileEncoding = 4; lastKnownFileType = sourcecode.c.h; name = BeanUtils.h; path = Common/BeanUtils.h; sourceTree = "<group>"; };
		93A0E79B1CCDC38B006C0DB6 /* BeanUtils.m */ = {isa = PBXFileReference; fileEncoding = 4; lastKnownFileType = sourcecode.c.objc; name = BeanUtils.m; path = Common/BeanUtils.m; sourceTree = "<group>"; };
		DD4374E21CB49ADC0044D862 /* iRun.app */ = {isa = PBXFileReference; explicitFileType = wrapper.application; includeInIndex = 0; path = iRun.app; sourceTree = BUILT_PRODUCTS_DIR; };
		DD4374E61CB49ADC0044D862 /* main.m */ = {isa = PBXFileReference; lastKnownFileType = sourcecode.c.objc; path = main.m; sourceTree = "<group>"; };
		DD4374E81CB49ADC0044D862 /* AppDelegate.h */ = {isa = PBXFileReference; lastKnownFileType = sourcecode.c.h; path = AppDelegate.h; sourceTree = "<group>"; };
		DD4374E91CB49ADC0044D862 /* AppDelegate.m */ = {isa = PBXFileReference; lastKnownFileType = sourcecode.c.objc; path = AppDelegate.m; sourceTree = "<group>"; };
		DD4374EF1CB49ADC0044D862 /* Base */ = {isa = PBXFileReference; lastKnownFileType = file.storyboard; name = Base; path = Base.lproj/Main.storyboard; sourceTree = "<group>"; };
		DD4374F11CB49ADC0044D862 /* Assets.xcassets */ = {isa = PBXFileReference; lastKnownFileType = folder.assetcatalog; path = Assets.xcassets; sourceTree = "<group>"; };
		DD4374F41CB49ADC0044D862 /* Base */ = {isa = PBXFileReference; lastKnownFileType = file.storyboard; name = Base; path = Base.lproj/LaunchScreen.storyboard; sourceTree = "<group>"; };
		DD4374F61CB49ADC0044D862 /* Info.plist */ = {isa = PBXFileReference; lastKnownFileType = text.plist.xml; path = Info.plist; sourceTree = "<group>"; };
		DD4374FE1CB49D0A0044D862 /* SportAccumulationView.h */ = {isa = PBXFileReference; fileEncoding = 4; lastKnownFileType = sourcecode.c.h; path = SportAccumulationView.h; sourceTree = "<group>"; };
		DD4374FF1CB49D0A0044D862 /* SportAccumulationView.m */ = {isa = PBXFileReference; fileEncoding = 4; lastKnownFileType = sourcecode.c.objc; path = SportAccumulationView.m; sourceTree = "<group>"; };
		DD4375001CB49D0A0044D862 /* SportAccumulationView.xib */ = {isa = PBXFileReference; fileEncoding = 4; lastKnownFileType = file.xib; path = SportAccumulationView.xib; sourceTree = "<group>"; };
		DD4375081CB49D0A0044D862 /* MainSportViewController.h */ = {isa = PBXFileReference; fileEncoding = 4; lastKnownFileType = sourcecode.c.h; path = MainSportViewController.h; sourceTree = "<group>"; };
		DD4375091CB49D0A0044D862 /* MainSportViewController.m */ = {isa = PBXFileReference; fileEncoding = 4; lastKnownFileType = sourcecode.c.objc; path = MainSportViewController.m; sourceTree = "<group>"; };
		DD4375131CB4A6070044D862 /* SportAccumulationCircleView.h */ = {isa = PBXFileReference; fileEncoding = 4; lastKnownFileType = sourcecode.c.h; path = SportAccumulationCircleView.h; sourceTree = "<group>"; };
		DD4375141CB4A6070044D862 /* SportAccumulationCircleView.m */ = {isa = PBXFileReference; fileEncoding = 4; lastKnownFileType = sourcecode.c.objc; path = SportAccumulationCircleView.m; sourceTree = "<group>"; };
		E549F8BF1CBB9258007154F9 /* AMapLocationKit.framework */ = {isa = PBXFileReference; lastKnownFileType = wrapper.framework; path = AMapLocationKit.framework; sourceTree = "<group>"; };
		E549F8C71CBCD995007154F9 /* iRun.xcdatamodel */ = {isa = PBXFileReference; lastKnownFileType = wrapper.xcdatamodel; path = iRun.xcdatamodel; sourceTree = "<group>"; };
		E549F8C91CBCDA0F007154F9 /* CommonDao.h */ = {isa = PBXFileReference; fileEncoding = 4; lastKnownFileType = sourcecode.c.h; name = CommonDao.h; path = Common/CommonDao.h; sourceTree = "<group>"; };
		E549F8CA1CBCDA0F007154F9 /* CommonDao.m */ = {isa = PBXFileReference; fileEncoding = 4; lastKnownFileType = sourcecode.c.objc; name = CommonDao.m; path = Common/CommonDao.m; sourceTree = "<group>"; };
		E549F8CB1CBCDA0F007154F9 /* ContextManager.h */ = {isa = PBXFileReference; fileEncoding = 4; lastKnownFileType = sourcecode.c.h; name = ContextManager.h; path = Common/ContextManager.h; sourceTree = "<group>"; };
		E549F8CC1CBCDA0F007154F9 /* ContextManager.m */ = {isa = PBXFileReference; fileEncoding = 4; lastKnownFileType = sourcecode.c.objc; name = ContextManager.m; path = Common/ContextManager.m; sourceTree = "<group>"; };
		E549F8DB1CBDDCF8007154F9 /* MenuAppLogoTableViewCell.h */ = {isa = PBXFileReference; fileEncoding = 4; lastKnownFileType = sourcecode.c.h; name = MenuAppLogoTableViewCell.h; path = Cell/MenuAppLogoTableViewCell.h; sourceTree = "<group>"; };
		E549F8DC1CBDDCF8007154F9 /* MenuAppLogoTableViewCell.m */ = {isa = PBXFileReference; fileEncoding = 4; lastKnownFileType = sourcecode.c.objc; name = MenuAppLogoTableViewCell.m; path = Cell/MenuAppLogoTableViewCell.m; sourceTree = "<group>"; };
		E549F8DD1CBDDCF8007154F9 /* MenuAppLogoTableViewCell.xib */ = {isa = PBXFileReference; fileEncoding = 4; lastKnownFileType = file.xib; name = MenuAppLogoTableViewCell.xib; path = Cell/MenuAppLogoTableViewCell.xib; sourceTree = "<group>"; };
		E549F8E01CBE35EE007154F9 /* PedometerViewController.h */ = {isa = PBXFileReference; fileEncoding = 4; lastKnownFileType = sourcecode.c.h; name = PedometerViewController.h; path = Menu/PedometerViewController.h; sourceTree = "<group>"; };
		E549F8E11CBE35EE007154F9 /* PedometerViewController.m */ = {isa = PBXFileReference; fileEncoding = 4; lastKnownFileType = sourcecode.c.objc; name = PedometerViewController.m; path = Menu/PedometerViewController.m; sourceTree = "<group>"; };
		E55D79E81CC4C7F50088930C /* SportResultViewController.h */ = {isa = PBXFileReference; fileEncoding = 4; lastKnownFileType = sourcecode.c.h; path = SportResultViewController.h; sourceTree = "<group>"; };
		E55D79E91CC4C7F50088930C /* SportResultViewController.m */ = {isa = PBXFileReference; fileEncoding = 4; lastKnownFileType = sourcecode.c.objc; path = SportResultViewController.m; sourceTree = "<group>"; };
		E55D79F51CC5C59D0088930C /* SportDistanceCell.h */ = {isa = PBXFileReference; fileEncoding = 4; lastKnownFileType = sourcecode.c.h; name = SportDistanceCell.h; path = Cell/SportDistanceCell.h; sourceTree = "<group>"; };
		E55D79F61CC5C59D0088930C /* SportDistanceCell.m */ = {isa = PBXFileReference; fileEncoding = 4; lastKnownFileType = sourcecode.c.objc; name = SportDistanceCell.m; path = Cell/SportDistanceCell.m; sourceTree = "<group>"; };
		E55D79F71CC5C59D0088930C /* SportDistanceCell.xib */ = {isa = PBXFileReference; fileEncoding = 4; lastKnownFileType = file.xib; name = SportDistanceCell.xib; path = Cell/SportDistanceCell.xib; sourceTree = "<group>"; };
		E55D79FA1CC5C6D90088930C /* SportDetailItemCell.h */ = {isa = PBXFileReference; fileEncoding = 4; lastKnownFileType = sourcecode.c.h; name = SportDetailItemCell.h; path = Cell/SportDetailItemCell.h; sourceTree = "<group>"; };
		E55D79FB1CC5C6D90088930C /* SportDetailItemCell.m */ = {isa = PBXFileReference; fileEncoding = 4; lastKnownFileType = sourcecode.c.objc; name = SportDetailItemCell.m; path = Cell/SportDetailItemCell.m; sourceTree = "<group>"; };
		E55D79FC1CC5C6D90088930C /* SportDetailItemCell.xib */ = {isa = PBXFileReference; fileEncoding = 4; lastKnownFileType = file.xib; name = SportDetailItemCell.xib; path = Cell/SportDetailItemCell.xib; sourceTree = "<group>"; };
		E55D7A5D1CC74F2A0088930C /* LPLineChartView.h */ = {isa = PBXFileReference; fileEncoding = 4; lastKnownFileType = sourcecode.c.h; path = LPLineChartView.h; sourceTree = "<group>"; };
		E55D7A5E1CC74F2A0088930C /* LPLineChartView.m */ = {isa = PBXFileReference; fileEncoding = 4; lastKnownFileType = sourcecode.c.objc; path = LPLineChartView.m; sourceTree = "<group>"; };
		E55D7A5F1CC74F2A0088930C /* LPLineChartViewCustomLayout.h */ = {isa = PBXFileReference; fileEncoding = 4; lastKnownFileType = sourcecode.c.h; path = LPLineChartViewCustomLayout.h; sourceTree = "<group>"; };
		E55D7A601CC74F2A0088930C /* LPLineChartViewCustomLayout.m */ = {isa = PBXFileReference; fileEncoding = 4; lastKnownFileType = sourcecode.c.objc; path = LPLineChartViewCustomLayout.m; sourceTree = "<group>"; };
		E55D7A611CC74F2A0088930C /* LPLineChartViewLayout.h */ = {isa = PBXFileReference; fileEncoding = 4; lastKnownFileType = sourcecode.c.h; path = LPLineChartViewLayout.h; sourceTree = "<group>"; };
		E55D7A621CC74F2A0088930C /* LPLineChartViewLayout.m */ = {isa = PBXFileReference; fileEncoding = 4; lastKnownFileType = sourcecode.c.objc; path = LPLineChartViewLayout.m; sourceTree = "<group>"; };
		E55D7A661CC750150088930C /* SportHistoryViewController.h */ = {isa = PBXFileReference; fileEncoding = 4; lastKnownFileType = sourcecode.c.h; name = SportHistoryViewController.h; path = Menu/SportHistoryViewController.h; sourceTree = "<group>"; };
		E55D7A671CC750150088930C /* SportHistoryViewController.m */ = {isa = PBXFileReference; fileEncoding = 4; lastKnownFileType = sourcecode.c.objc; name = SportHistoryViewController.m; path = Menu/SportHistoryViewController.m; sourceTree = "<group>"; };
		E55D7A691CC750400088930C /* SportTrendViewController.h */ = {isa = PBXFileReference; fileEncoding = 4; lastKnownFileType = sourcecode.c.h; name = SportTrendViewController.h; path = Menu/SportTrendViewController.h; sourceTree = "<group>"; };
		E55D7A6A1CC750400088930C /* SportTrendViewController.m */ = {isa = PBXFileReference; fileEncoding = 4; lastKnownFileType = sourcecode.c.objc; name = SportTrendViewController.m; path = Menu/SportTrendViewController.m; sourceTree = "<group>"; };
		E56128921CD052F60060C720 /* BleDeviceInfo.h */ = {isa = PBXFileReference; fileEncoding = 4; lastKnownFileType = sourcecode.c.h; name = BleDeviceInfo.h; path = Model/Dto/BleDeviceInfo.h; sourceTree = "<group>"; };
		E56128931CD052F60060C720 /* BleDeviceInfo.m */ = {isa = PBXFileReference; fileEncoding = 4; lastKnownFileType = sourcecode.c.objc; name = BleDeviceInfo.m; path = Model/Dto/BleDeviceInfo.m; sourceTree = "<group>"; };
		E56384BD1CB4D95600ED951E /* MAMapKit.framework */ = {isa = PBXFileReference; lastKnownFileType = wrapper.framework; path = MAMapKit.framework; sourceTree = "<group>"; };
		E56384C11CB4D9D600ED951E /* AMap.bundle */ = {isa = PBXFileReference; lastKnownFileType = "wrapper.plug-in"; name = AMap.bundle; path = MAMapKit.framework/AMap.bundle; sourceTree = "<group>"; };
		E56384C31CB4DA0700ED951E /* UIKit.framework */ = {isa = PBXFileReference; lastKnownFileType = wrapper.framework; name = UIKit.framework; path = System/Library/Frameworks/UIKit.framework; sourceTree = SDKROOT; };
		E56384C51CB4DA1300ED951E /* Foundation.framework */ = {isa = PBXFileReference; lastKnownFileType = wrapper.framework; name = Foundation.framework; path = System/Library/Frameworks/Foundation.framework; sourceTree = SDKROOT; };
		E56384C71CB4DA1B00ED951E /* CoreGraphics.framework */ = {isa = PBXFileReference; lastKnownFileType = wrapper.framework; name = CoreGraphics.framework; path = System/Library/Frameworks/CoreGraphics.framework; sourceTree = SDKROOT; };
		E56384C91CB4DA2400ED951E /* QuartzCore.framework */ = {isa = PBXFileReference; lastKnownFileType = wrapper.framework; name = QuartzCore.framework; path = System/Library/Frameworks/QuartzCore.framework; sourceTree = SDKROOT; };
		E56384CB1CB4DA2F00ED951E /* OpenGLES.framework */ = {isa = PBXFileReference; lastKnownFileType = wrapper.framework; name = OpenGLES.framework; path = System/Library/Frameworks/OpenGLES.framework; sourceTree = SDKROOT; };
		E56384CD1CB4DA3A00ED951E /* CoreLocation.framework */ = {isa = PBXFileReference; lastKnownFileType = wrapper.framework; name = CoreLocation.framework; path = System/Library/Frameworks/CoreLocation.framework; sourceTree = SDKROOT; };
		E56384CF1CB4DA4500ED951E /* CoreTelephony.framework */ = {isa = PBXFileReference; lastKnownFileType = wrapper.framework; name = CoreTelephony.framework; path = System/Library/Frameworks/CoreTelephony.framework; sourceTree = SDKROOT; };
		E56384D11CB4DA5000ED951E /* SystemConfiguration.framework */ = {isa = PBXFileReference; lastKnownFileType = wrapper.framework; name = SystemConfiguration.framework; path = System/Library/Frameworks/SystemConfiguration.framework; sourceTree = SDKROOT; };
		E56384D31CB4DA6300ED951E /* libz.tbd */ = {isa = PBXFileReference; lastKnownFileType = "sourcecode.text-based-dylib-definition"; name = libz.tbd; path = usr/lib/libz.tbd; sourceTree = SDKROOT; };
		E56384D51CB4DA7800ED951E /* libstdc++.6.0.9.tbd */ = {isa = PBXFileReference; lastKnownFileType = "sourcecode.text-based-dylib-definition"; name = "libstdc++.6.0.9.tbd"; path = "usr/lib/libstdc++.6.0.9.tbd"; sourceTree = SDKROOT; };
		E56384D71CB4DA8A00ED951E /* libc++.tbd */ = {isa = PBXFileReference; lastKnownFileType = "sourcecode.text-based-dylib-definition"; name = "libc++.tbd"; path = "usr/lib/libc++.tbd"; sourceTree = SDKROOT; };
		E56384D91CB4DA9200ED951E /* Security.framework */ = {isa = PBXFileReference; lastKnownFileType = wrapper.framework; name = Security.framework; path = System/Library/Frameworks/Security.framework; sourceTree = SDKROOT; };
		E56384E11CB5F6B500ED951E /* CountdownView.h */ = {isa = PBXFileReference; fileEncoding = 4; lastKnownFileType = sourcecode.c.h; path = CountdownView.h; sourceTree = "<group>"; };
		E56384E21CB5F6B500ED951E /* CountdownView.m */ = {isa = PBXFileReference; fileEncoding = 4; lastKnownFileType = sourcecode.c.objc; path = CountdownView.m; sourceTree = "<group>"; };
		E56384E91CB6032900ED951E /* CountdownView.xib */ = {isa = PBXFileReference; fileEncoding = 4; lastKnownFileType = file.xib; path = CountdownView.xib; sourceTree = "<group>"; };
		E56384EB1CB6052D00ED951E /* SportViewController.h */ = {isa = PBXFileReference; fileEncoding = 4; lastKnownFileType = sourcecode.c.h; path = SportViewController.h; sourceTree = "<group>"; };
		E56384EC1CB6052D00ED951E /* SportViewController.m */ = {isa = PBXFileReference; fileEncoding = 4; lastKnownFileType = sourcecode.c.objc; path = SportViewController.m; sourceTree = "<group>"; };
		E56384F51CB62AB400ED951E /* Define.h */ = {isa = PBXFileReference; lastKnownFileType = sourcecode.c.h; name = Define.h; path = Common/Define.h; sourceTree = "<group>"; };
		E56384F71CB7A84100ED951E /* MainMenuViewController.h */ = {isa = PBXFileReference; fileEncoding = 4; lastKnownFileType = sourcecode.c.h; name = MainMenuViewController.h; path = Menu/MainMenuViewController.h; sourceTree = "<group>"; };
		E56384F81CB7A84100ED951E /* MainMenuViewController.m */ = {isa = PBXFileReference; fileEncoding = 4; lastKnownFileType = sourcecode.c.objc; name = MainMenuViewController.m; path = Menu/MainMenuViewController.m; sourceTree = "<group>"; };
		E5730C4E1D0555A700DC9D06 /* ShareViewController.h */ = {isa = PBXFileReference; fileEncoding = 4; lastKnownFileType = sourcecode.c.h; name = ShareViewController.h; path = Menu/ShareViewController.h; sourceTree = "<group>"; };
		E5730C4F1D0555A700DC9D06 /* ShareViewController.m */ = {isa = PBXFileReference; fileEncoding = 4; lastKnownFileType = sourcecode.c.objc; name = ShareViewController.m; path = Menu/ShareViewController.m; sourceTree = "<group>"; };
		E5730C501D0555A700DC9D06 /* ShareViewController.xib */ = {isa = PBXFileReference; fileEncoding = 4; lastKnownFileType = file.xib; name = ShareViewController.xib; path = Menu/ShareViewController.xib; sourceTree = "<group>"; };
		E5730C531D05615000DC9D06 /* AboutViewController.h */ = {isa = PBXFileReference; fileEncoding = 4; lastKnownFileType = sourcecode.c.h; name = AboutViewController.h; path = Menu/AboutViewController.h; sourceTree = "<group>"; };
		E5730C541D05615000DC9D06 /* AboutViewController.m */ = {isa = PBXFileReference; fileEncoding = 4; lastKnownFileType = sourcecode.c.objc; name = AboutViewController.m; path = Menu/AboutViewController.m; sourceTree = "<group>"; };
		E5730C551D05615000DC9D06 /* AboutViewController.xib */ = {isa = PBXFileReference; fileEncoding = 4; lastKnownFileType = file.xib; name = AboutViewController.xib; path = Menu/AboutViewController.xib; sourceTree = "<group>"; };
		E57C74621CC0BD5300A56DF8 /* SettingWithSwitchTableViewCell.h */ = {isa = PBXFileReference; fileEncoding = 4; lastKnownFileType = sourcecode.c.h; name = SettingWithSwitchTableViewCell.h; path = Cell/SettingWithSwitchTableViewCell.h; sourceTree = "<group>"; };
		E57C74631CC0BD5300A56DF8 /* SettingWithSwitchTableViewCell.m */ = {isa = PBXFileReference; fileEncoding = 4; lastKnownFileType = sourcecode.c.objc; name = SettingWithSwitchTableViewCell.m; path = Cell/SettingWithSwitchTableViewCell.m; sourceTree = "<group>"; };
		E57C74641CC0BD5300A56DF8 /* SettingWithSwitchTableViewCell.xib */ = {isa = PBXFileReference; fileEncoding = 4; lastKnownFileType = file.xib; name = SettingWithSwitchTableViewCell.xib; path = Cell/SettingWithSwitchTableViewCell.xib; sourceTree = "<group>"; };
		E57C74671CC0C03B00A56DF8 /* SettingAgeWeightSexCell.h */ = {isa = PBXFileReference; fileEncoding = 4; lastKnownFileType = sourcecode.c.h; name = SettingAgeWeightSexCell.h; path = Cell/SettingAgeWeightSexCell.h; sourceTree = "<group>"; };
		E57C74681CC0C03B00A56DF8 /* SettingAgeWeightSexCell.m */ = {isa = PBXFileReference; fileEncoding = 4; lastKnownFileType = sourcecode.c.objc; name = SettingAgeWeightSexCell.m; path = Cell/SettingAgeWeightSexCell.m; sourceTree = "<group>"; };
		E57C74691CC0C03B00A56DF8 /* SettingAgeWeightSexCell.xib */ = {isa = PBXFileReference; fileEncoding = 4; lastKnownFileType = file.xib; name = SettingAgeWeightSexCell.xib; path = Cell/SettingAgeWeightSexCell.xib; sourceTree = "<group>"; };
		E57C746C1CC0D8AA00A56DF8 /* DateUtil.h */ = {isa = PBXFileReference; fileEncoding = 4; lastKnownFileType = sourcecode.c.h; name = DateUtil.h; path = Common/DateUtil.h; sourceTree = "<group>"; };
		E57C746D1CC0D8AA00A56DF8 /* DateUtil.m */ = {isa = PBXFileReference; fileEncoding = 4; lastKnownFileType = sourcecode.c.objc; name = DateUtil.m; path = Common/DateUtil.m; sourceTree = "<group>"; };
		E57C746F1CC0EA8900A56DF8 /* HeightPickerView.h */ = {isa = PBXFileReference; fileEncoding = 4; lastKnownFileType = sourcecode.c.h; path = HeightPickerView.h; sourceTree = "<group>"; };
		E57C74701CC0EA8900A56DF8 /* HeightPickerView.m */ = {isa = PBXFileReference; fileEncoding = 4; lastKnownFileType = sourcecode.c.objc; path = HeightPickerView.m; sourceTree = "<group>"; };
		E59AAE441CBF66D5004EDA7B /* UIImage+TintColor.h */ = {isa = PBXFileReference; fileEncoding = 4; lastKnownFileType = sourcecode.c.h; name = "UIImage+TintColor.h"; path = "Category/UIImage+TintColor.h"; sourceTree = "<group>"; };
		E59AAE451CBF66D5004EDA7B /* UIImage+TintColor.m */ = {isa = PBXFileReference; fileEncoding = 4; lastKnownFileType = sourcecode.c.objc; name = "UIImage+TintColor.m"; path = "Category/UIImage+TintColor.m"; sourceTree = "<group>"; };
		E59AAE471CBF7BB1004EDA7B /* LifesenseBluetooth.framework */ = {isa = PBXFileReference; lastKnownFileType = wrapper.framework; path = LifesenseBluetooth.framework; sourceTree = "<group>"; };
		E59AAE491CBF7C19004EDA7B /* CoreBluetooth.framework */ = {isa = PBXFileReference; lastKnownFileType = wrapper.framework; name = CoreBluetooth.framework; path = System/Library/Frameworks/CoreBluetooth.framework; sourceTree = SDKROOT; };
		E59AAE4F1CC08B06004EDA7B /* SportEntity+CoreDataProperties.h */ = {isa = PBXFileReference; fileEncoding = 4; lastKnownFileType = sourcecode.c.h; name = "SportEntity+CoreDataProperties.h"; path = "Model/Entity/SportEntity+CoreDataProperties.h"; sourceTree = "<group>"; };
		E59AAE501CC08B06004EDA7B /* SportEntity+CoreDataProperties.m */ = {isa = PBXFileReference; fileEncoding = 4; lastKnownFileType = sourcecode.c.objc; name = "SportEntity+CoreDataProperties.m"; path = "Model/Entity/SportEntity+CoreDataProperties.m"; sourceTree = "<group>"; };
		E59AAE511CC08B06004EDA7B /* SportEntity.h */ = {isa = PBXFileReference; fileEncoding = 4; lastKnownFileType = sourcecode.c.h; name = SportEntity.h; path = Model/Entity/SportEntity.h; sourceTree = "<group>"; };
		E59AAE521CC08B06004EDA7B /* SportEntity.m */ = {isa = PBXFileReference; fileEncoding = 4; lastKnownFileType = sourcecode.c.objc; name = SportEntity.m; path = Model/Entity/SportEntity.m; sourceTree = "<group>"; };
		E59AAE551CC08BE6004EDA7B /* SportDataLogic.h */ = {isa = PBXFileReference; fileEncoding = 4; lastKnownFileType = sourcecode.c.h; name = SportDataLogic.h; path = Model/Logic/SportDataLogic.h; sourceTree = "<group>"; };
		E59AAE561CC08BE6004EDA7B /* SportDataLogic.m */ = {isa = PBXFileReference; fileEncoding = 4; lastKnownFileType = sourcecode.c.objc; name = SportDataLogic.m; path = Model/Logic/SportDataLogic.m; sourceTree = "<group>"; };
		E59AAE591CC08C74004EDA7B /* SportDataDto.h */ = {isa = PBXFileReference; fileEncoding = 4; lastKnownFileType = sourcecode.c.h; name = SportDataDto.h; path = Model/Dto/SportDataDto.h; sourceTree = "<group>"; };
		E59AAE5A1CC08C74004EDA7B /* SportDataDto.m */ = {isa = PBXFileReference; fileEncoding = 4; lastKnownFileType = sourcecode.c.objc; name = SportDataDto.m; path = Model/Dto/SportDataDto.m; sourceTree = "<group>"; };
		E59AAE5C1CC0B7CB004EDA7B /* SettingViewController.h */ = {isa = PBXFileReference; fileEncoding = 4; lastKnownFileType = sourcecode.c.h; name = SettingViewController.h; path = Menu/SettingViewController.h; sourceTree = "<group>"; };
		E59AAE5D1CC0B7CB004EDA7B /* SettingViewController.m */ = {isa = PBXFileReference; fileEncoding = 4; lastKnownFileType = sourcecode.c.objc; name = SettingViewController.m; path = Menu/SettingViewController.m; sourceTree = "<group>"; };
		E5BB42BE1D002AAF001B939A /* MonthSportDataInfo.h */ = {isa = PBXFileReference; fileEncoding = 4; lastKnownFileType = sourcecode.c.h; name = MonthSportDataInfo.h; path = Model/Dto/MonthSportDataInfo.h; sourceTree = "<group>"; };
		E5BB42BF1D002AAF001B939A /* MonthSportDataInfo.m */ = {isa = PBXFileReference; fileEncoding = 4; lastKnownFileType = sourcecode.c.objc; name = MonthSportDataInfo.m; path = Model/Dto/MonthSportDataInfo.m; sourceTree = "<group>"; };
		E5F7CFB51CF2E1FC00BAF9E3 /* SportHistoryCell.h */ = {isa = PBXFileReference; fileEncoding = 4; lastKnownFileType = sourcecode.c.h; name = SportHistoryCell.h; path = Cell/SportHistoryCell.h; sourceTree = "<group>"; };
		E5F7CFB61CF2E1FC00BAF9E3 /* SportHistoryCell.m */ = {isa = PBXFileReference; fileEncoding = 4; lastKnownFileType = sourcecode.c.objc; name = SportHistoryCell.m; path = Cell/SportHistoryCell.m; sourceTree = "<group>"; };
		E5F7CFB71CF2E1FC00BAF9E3 /* SportHistoryCell.xib */ = {isa = PBXFileReference; fileEncoding = 4; lastKnownFileType = file.xib; name = SportHistoryCell.xib; path = Cell/SportHistoryCell.xib; sourceTree = "<group>"; };
/* End PBXFileReference section */

/* Begin PBXFrameworksBuildPhase section */
		DD4374DF1CB49ADC0044D862 /* Frameworks */ = {
			isa = PBXFrameworksBuildPhase;
			buildActionMask = 2147483647;
			files = (
				E59AAE4A1CBF7C19004EDA7B /* CoreBluetooth.framework in Frameworks */,
				E56384DA1CB4DA9200ED951E /* Security.framework in Frameworks */,
				E56384D81CB4DA8A00ED951E /* libc++.tbd in Frameworks */,
				E56384D61CB4DA7800ED951E /* libstdc++.6.0.9.tbd in Frameworks */,
				E56384D41CB4DA6300ED951E /* libz.tbd in Frameworks */,
				E56384D21CB4DA5000ED951E /* SystemConfiguration.framework in Frameworks */,
				E56384D01CB4DA4500ED951E /* CoreTelephony.framework in Frameworks */,
				E56384CE1CB4DA3A00ED951E /* CoreLocation.framework in Frameworks */,
				E56384CC1CB4DA2F00ED951E /* OpenGLES.framework in Frameworks */,
				E56384CA1CB4DA2400ED951E /* QuartzCore.framework in Frameworks */,
				E56384C81CB4DA1B00ED951E /* CoreGraphics.framework in Frameworks */,
				E56384C61CB4DA1300ED951E /* Foundation.framework in Frameworks */,
				E56384C41CB4DA0700ED951E /* UIKit.framework in Frameworks */,
				E56384BE1CB4D95600ED951E /* MAMapKit.framework in Frameworks */,
				E549F8C01CBB9258007154F9 /* AMapLocationKit.framework in Frameworks */,
				E59AAE481CBF7BB1004EDA7B /* LifesenseBluetooth.framework in Frameworks */,
			);
			runOnlyForDeploymentPostprocessing = 0;
		};
/* End PBXFrameworksBuildPhase section */

/* Begin PBXGroup section */
		DD4374D91CB49ADC0044D862 = {
			isa = PBXGroup;
			children = (
				E56384BC1CB4D93900ED951E /* Framework */,
				DD4374E41CB49ADC0044D862 /* iRun */,
				DD4374E31CB49ADC0044D862 /* Products */,
			);
			sourceTree = "<group>";
			usesTabs = 0;
		};
		DD4374E31CB49ADC0044D862 /* Products */ = {
			isa = PBXGroup;
			children = (
				DD4374E21CB49ADC0044D862 /* iRun.app */,
			);
			name = Products;
			sourceTree = "<group>";
		};
		DD4374E41CB49ADC0044D862 /* iRun */ = {
			isa = PBXGroup;
			children = (
				E59AAE4C1CC08AAD004EDA7B /* Model */,
				E59AAE3D1CBF6678004EDA7B /* Category */,
				E56384F41CB62A9200ED951E /* Common */,
				DD4374FC1CB49D0A0044D862 /* View */,
				DD4375031CB49D0A0044D862 /* ViewController */,
				DD4374E81CB49ADC0044D862 /* AppDelegate.h */,
				DD4374E91CB49ADC0044D862 /* AppDelegate.m */,
				DD4374EE1CB49ADC0044D862 /* Main.storyboard */,
				DD4374F11CB49ADC0044D862 /* Assets.xcassets */,
				DD4374F31CB49ADC0044D862 /* LaunchScreen.storyboard */,
				DD4374F61CB49ADC0044D862 /* Info.plist */,
				DD4374E51CB49ADC0044D862 /* Supporting Files */,
			);
			path = iRun;
			sourceTree = "<group>";
		};
		DD4374E51CB49ADC0044D862 /* Supporting Files */ = {
			isa = PBXGroup;
			children = (
				DD4374E61CB49ADC0044D862 /* main.m */,
				E549F8C61CBCD995007154F9 /* iRun.xcdatamodeld */,
			);
			name = "Supporting Files";
			sourceTree = "<group>";
		};
		DD4374FC1CB49D0A0044D862 /* View */ = {
			isa = PBXGroup;
			children = (
				E55D7A5C1CC74F2A0088930C /* LPLineChartView */,
				E549F8DA1CBDDCB8007154F9 /* Cell */,
				DD4374FE1CB49D0A0044D862 /* SportAccumulationView.h */,
				DD4374FF1CB49D0A0044D862 /* SportAccumulationView.m */,
				DD4375001CB49D0A0044D862 /* SportAccumulationView.xib */,
				DD4375131CB4A6070044D862 /* SportAccumulationCircleView.h */,
				DD4375141CB4A6070044D862 /* SportAccumulationCircleView.m */,
				E56384E11CB5F6B500ED951E /* CountdownView.h */,
				E56384E21CB5F6B500ED951E /* CountdownView.m */,
				E56384E91CB6032900ED951E /* CountdownView.xib */,
				E57C746F1CC0EA8900A56DF8 /* HeightPickerView.h */,
				E57C74701CC0EA8900A56DF8 /* HeightPickerView.m */,
			);
			path = View;
			sourceTree = "<group>";
		};
		DD4375031CB49D0A0044D862 /* ViewController */ = {
			isa = PBXGroup;
			children = (
				E56384F61CB7A80F00ED951E /* Menu */,
				DD4375071CB49D0A0044D862 /* Sports */,
			);
			path = ViewController;
			sourceTree = "<group>";
		};
		DD4375071CB49D0A0044D862 /* Sports */ = {
			isa = PBXGroup;
			children = (
				DD4375081CB49D0A0044D862 /* MainSportViewController.h */,
				DD4375091CB49D0A0044D862 /* MainSportViewController.m */,
				E56384EB1CB6052D00ED951E /* SportViewController.h */,
				E56384EC1CB6052D00ED951E /* SportViewController.m */,
				E55D79E81CC4C7F50088930C /* SportResultViewController.h */,
				E55D79E91CC4C7F50088930C /* SportResultViewController.m */,
			);
			path = Sports;
			sourceTree = "<group>";
		};
		E549F8DA1CBDDCB8007154F9 /* Cell */ = {
			isa = PBXGroup;
			children = (
				E549F8DB1CBDDCF8007154F9 /* MenuAppLogoTableViewCell.h */,
				E549F8DC1CBDDCF8007154F9 /* MenuAppLogoTableViewCell.m */,
				E549F8DD1CBDDCF8007154F9 /* MenuAppLogoTableViewCell.xib */,
				E57C74621CC0BD5300A56DF8 /* SettingWithSwitchTableViewCell.h */,
				E57C74631CC0BD5300A56DF8 /* SettingWithSwitchTableViewCell.m */,
				E57C74641CC0BD5300A56DF8 /* SettingWithSwitchTableViewCell.xib */,
				E57C74671CC0C03B00A56DF8 /* SettingAgeWeightSexCell.h */,
				E57C74681CC0C03B00A56DF8 /* SettingAgeWeightSexCell.m */,
				E57C74691CC0C03B00A56DF8 /* SettingAgeWeightSexCell.xib */,
				E55D79F51CC5C59D0088930C /* SportDistanceCell.h */,
				E55D79F61CC5C59D0088930C /* SportDistanceCell.m */,
				E55D79F71CC5C59D0088930C /* SportDistanceCell.xib */,
				E55D79FA1CC5C6D90088930C /* SportDetailItemCell.h */,
				E55D79FB1CC5C6D90088930C /* SportDetailItemCell.m */,
				E55D79FC1CC5C6D90088930C /* SportDetailItemCell.xib */,
				E5F7CFB51CF2E1FC00BAF9E3 /* SportHistoryCell.h */,
				E5F7CFB61CF2E1FC00BAF9E3 /* SportHistoryCell.m */,
				E5F7CFB71CF2E1FC00BAF9E3 /* SportHistoryCell.xib */,
			);
			name = Cell;
			sourceTree = "<group>";
		};
		E55D7A5C1CC74F2A0088930C /* LPLineChartView */ = {
			isa = PBXGroup;
			children = (
				E55D7A5D1CC74F2A0088930C /* LPLineChartView.h */,
				E55D7A5E1CC74F2A0088930C /* LPLineChartView.m */,
				E55D7A5F1CC74F2A0088930C /* LPLineChartViewCustomLayout.h */,
				E55D7A601CC74F2A0088930C /* LPLineChartViewCustomLayout.m */,
				E55D7A611CC74F2A0088930C /* LPLineChartViewLayout.h */,
				E55D7A621CC74F2A0088930C /* LPLineChartViewLayout.m */,
			);
			path = LPLineChartView;
			sourceTree = "<group>";
		};
		E56384BC1CB4D93900ED951E /* Framework */ = {
			isa = PBXGroup;
			children = (
				E59AAE491CBF7C19004EDA7B /* CoreBluetooth.framework */,
				E59AAE471CBF7BB1004EDA7B /* LifesenseBluetooth.framework */,
				E549F8BF1CBB9258007154F9 /* AMapLocationKit.framework */,
				E56384D91CB4DA9200ED951E /* Security.framework */,
				E56384D71CB4DA8A00ED951E /* libc++.tbd */,
				E56384D51CB4DA7800ED951E /* libstdc++.6.0.9.tbd */,
				E56384D31CB4DA6300ED951E /* libz.tbd */,
				E56384D11CB4DA5000ED951E /* SystemConfiguration.framework */,
				E56384CF1CB4DA4500ED951E /* CoreTelephony.framework */,
				E56384CD1CB4DA3A00ED951E /* CoreLocation.framework */,
				E56384CB1CB4DA2F00ED951E /* OpenGLES.framework */,
				E56384C91CB4DA2400ED951E /* QuartzCore.framework */,
				E56384C71CB4DA1B00ED951E /* CoreGraphics.framework */,
				E56384C51CB4DA1300ED951E /* Foundation.framework */,
				E56384C31CB4DA0700ED951E /* UIKit.framework */,
				E56384C11CB4D9D600ED951E /* AMap.bundle */,
				E56384BD1CB4D95600ED951E /* MAMapKit.framework */,
			);
			name = Framework;
			path = iRun/Framework;
			sourceTree = "<group>";
		};
		E56384F41CB62A9200ED951E /* Common */ = {
			isa = PBXGroup;
			children = (
				E56384F51CB62AB400ED951E /* Define.h */,
				E549F8C91CBCDA0F007154F9 /* CommonDao.h */,
				E549F8CA1CBCDA0F007154F9 /* CommonDao.m */,
				E549F8CB1CBCDA0F007154F9 /* ContextManager.h */,
				E549F8CC1CBCDA0F007154F9 /* ContextManager.m */,
				E57C746C1CC0D8AA00A56DF8 /* DateUtil.h */,
				E57C746D1CC0D8AA00A56DF8 /* DateUtil.m */,
				93A0E79A1CCDC38B006C0DB6 /* BeanUtils.h */,
				93A0E79B1CCDC38B006C0DB6 /* BeanUtils.m */,
			);
			name = Common;
			sourceTree = "<group>";
		};
		E56384F61CB7A80F00ED951E /* Menu */ = {
			isa = PBXGroup;
			children = (
				E56384F71CB7A84100ED951E /* MainMenuViewController.h */,
				E56384F81CB7A84100ED951E /* MainMenuViewController.m */,
				E549F8E01CBE35EE007154F9 /* PedometerViewController.h */,
				E549F8E11CBE35EE007154F9 /* PedometerViewController.m */,
				E59AAE5C1CC0B7CB004EDA7B /* SettingViewController.h */,
				E59AAE5D1CC0B7CB004EDA7B /* SettingViewController.m */,
				E55D7A661CC750150088930C /* SportHistoryViewController.h */,
				E55D7A671CC750150088930C /* SportHistoryViewController.m */,
				E55D7A691CC750400088930C /* SportTrendViewController.h */,
				E55D7A6A1CC750400088930C /* SportTrendViewController.m */,
				E5730C4E1D0555A700DC9D06 /* ShareViewController.h */,
				E5730C4F1D0555A700DC9D06 /* ShareViewController.m */,
				E5730C501D0555A700DC9D06 /* ShareViewController.xib */,
				E5730C531D05615000DC9D06 /* AboutViewController.h */,
				E5730C541D05615000DC9D06 /* AboutViewController.m */,
				E5730C551D05615000DC9D06 /* AboutViewController.xib */,
			);
			name = Menu;
			sourceTree = "<group>";
		};
		E59AAE3D1CBF6678004EDA7B /* Category */ = {
			isa = PBXGroup;
			children = (
				E59AAE441CBF66D5004EDA7B /* UIImage+TintColor.h */,
				E59AAE451CBF66D5004EDA7B /* UIImage+TintColor.m */,
			);
			name = Category;
			sourceTree = "<group>";
		};
		E59AAE4C1CC08AAD004EDA7B /* Model */ = {
			isa = PBXGroup;
			children = (
				E59AAE581CC08C50004EDA7B /* Dto */,
				E59AAE4E1CC08AD0004EDA7B /* Entity */,
				E59AAE4D1CC08AC3004EDA7B /* Logic */,
			);
			name = Model;
			sourceTree = "<group>";
		};
		E59AAE4D1CC08AC3004EDA7B /* Logic */ = {
			isa = PBXGroup;
			children = (
				E59AAE551CC08BE6004EDA7B /* SportDataLogic.h */,
				E59AAE561CC08BE6004EDA7B /* SportDataLogic.m */,
			);
			name = Logic;
			sourceTree = "<group>";
		};
		E59AAE4E1CC08AD0004EDA7B /* Entity */ = {
			isa = PBXGroup;
			children = (
				E59AAE4F1CC08B06004EDA7B /* SportEntity+CoreDataProperties.h */,
				E59AAE501CC08B06004EDA7B /* SportEntity+CoreDataProperties.m */,
				E59AAE511CC08B06004EDA7B /* SportEntity.h */,
				E59AAE521CC08B06004EDA7B /* SportEntity.m */,
			);
			name = Entity;
			sourceTree = "<group>";
		};
		E59AAE581CC08C50004EDA7B /* Dto */ = {
			isa = PBXGroup;
			children = (
				E59AAE591CC08C74004EDA7B /* SportDataDto.h */,
				E59AAE5A1CC08C74004EDA7B /* SportDataDto.m */,
				E56128921CD052F60060C720 /* BleDeviceInfo.h */,
				E56128931CD052F60060C720 /* BleDeviceInfo.m */,
				E5BB42BE1D002AAF001B939A /* MonthSportDataInfo.h */,
				E5BB42BF1D002AAF001B939A /* MonthSportDataInfo.m */,
			);
			name = Dto;
			sourceTree = "<group>";
		};
/* End PBXGroup section */

/* Begin PBXNativeTarget section */
		DD4374E11CB49ADC0044D862 /* iRun */ = {
			isa = PBXNativeTarget;
			buildConfigurationList = DD4374F91CB49ADC0044D862 /* Build configuration list for PBXNativeTarget "iRun" */;
			buildPhases = (
				DD4374DE1CB49ADC0044D862 /* Sources */,
				DD4374DF1CB49ADC0044D862 /* Frameworks */,
				DD4374E01CB49ADC0044D862 /* Resources */,
			);
			buildRules = (
			);
			dependencies = (
			);
			name = iRun;
			productName = iRun;
			productReference = DD4374E21CB49ADC0044D862 /* iRun.app */;
			productType = "com.apple.product-type.application";
		};
/* End PBXNativeTarget section */

/* Begin PBXProject section */
		DD4374DA1CB49ADC0044D862 /* Project object */ = {
			isa = PBXProject;
			attributes = {
				LastUpgradeCheck = 0730;
				ORGANIZATIONNAME = izhangyb;
				TargetAttributes = {
					DD4374E11CB49ADC0044D862 = {
						CreatedOnToolsVersion = 7.3;
					};
				};
			};
			buildConfigurationList = DD4374DD1CB49ADC0044D862 /* Build configuration list for PBXProject "iRun" */;
			compatibilityVersion = "Xcode 3.2";
			developmentRegion = English;
			hasScannedForEncodings = 0;
			knownRegions = (
				en,
				Base,
			);
			mainGroup = DD4374D91CB49ADC0044D862;
			productRefGroup = DD4374E31CB49ADC0044D862 /* Products */;
			projectDirPath = "";
			projectRoot = "";
			targets = (
				DD4374E11CB49ADC0044D862 /* iRun */,
			);
		};
/* End PBXProject section */

/* Begin PBXResourcesBuildPhase section */
		DD4374E01CB49ADC0044D862 /* Resources */ = {
			isa = PBXResourcesBuildPhase;
			buildActionMask = 2147483647;
			files = (
				E55D79FE1CC5C6D90088930C /* SportDetailItemCell.xib in Resources */,
				E56384C21CB4D9D600ED951E /* AMap.bundle in Resources */,
				DD4374F51CB49ADC0044D862 /* LaunchScreen.storyboard in Resources */,
				E5F7CFB91CF2E1FC00BAF9E3 /* SportHistoryCell.xib in Resources */,
				E57C74661CC0BD5300A56DF8 /* SettingWithSwitchTableViewCell.xib in Resources */,
				DD43750C1CB49D0A0044D862 /* SportAccumulationView.xib in Resources */,
				E5730C521D0555A700DC9D06 /* ShareViewController.xib in Resources */,
				DD4374F21CB49ADC0044D862 /* Assets.xcassets in Resources */,
				E5730C571D05615000DC9D06 /* AboutViewController.xib in Resources */,
				E56384EA1CB6032900ED951E /* CountdownView.xib in Resources */,
				DD4374F01CB49ADC0044D862 /* Main.storyboard in Resources */,
				E55D79F91CC5C59D0088930C /* SportDistanceCell.xib in Resources */,
				E549F8DF1CBDDCF8007154F9 /* MenuAppLogoTableViewCell.xib in Resources */,
				E57C746B1CC0C03B00A56DF8 /* SettingAgeWeightSexCell.xib in Resources */,
			);
			runOnlyForDeploymentPostprocessing = 0;
		};
/* End PBXResourcesBuildPhase section */

/* Begin PBXSourcesBuildPhase section */
		DD4374DE1CB49ADC0044D862 /* Sources */ = {
			isa = PBXSourcesBuildPhase;
			buildActionMask = 2147483647;
			files = (
				DD43750B1CB49D0A0044D862 /* SportAccumulationView.m in Sources */,
				DD43750F1CB49D0A0044D862 /* MainSportViewController.m in Sources */,
				E56384F91CB7A84100ED951E /* MainMenuViewController.m in Sources */,
				E59AAE571CC08BE6004EDA7B /* SportDataLogic.m in Sources */,
				E59AAE531CC08B06004EDA7B /* SportEntity+CoreDataProperties.m in Sources */,
				DD4375151CB4A6070044D862 /* SportAccumulationCircleView.m in Sources */,
				E59AAE461CBF66D5004EDA7B /* UIImage+TintColor.m in Sources */,
				E549F8C81CBCD995007154F9 /* iRun.xcdatamodeld in Sources */,
				E55D79FD1CC5C6D90088930C /* SportDetailItemCell.m in Sources */,
				E5730C561D05615000DC9D06 /* AboutViewController.m in Sources */,
				E57C74651CC0BD5300A56DF8 /* SettingWithSwitchTableViewCell.m in Sources */,
				E59AAE5E1CC0B7CB004EDA7B /* SettingViewController.m in Sources */,
				DD4374EA1CB49ADC0044D862 /* AppDelegate.m in Sources */,
				E55D7A681CC750150088930C /* SportHistoryViewController.m in Sources */,
				93A0E79C1CCDC38B006C0DB6 /* BeanUtils.m in Sources */,
				E549F8CE1CBCDA0F007154F9 /* ContextManager.m in Sources */,
				E549F8CD1CBCDA0F007154F9 /* CommonDao.m in Sources */,
				E56128941CD052F60060C720 /* BleDeviceInfo.m in Sources */,
				E5F7CFB81CF2E1FC00BAF9E3 /* SportHistoryCell.m in Sources */,
				E55D7A641CC74F2A0088930C /* LPLineChartViewCustomLayout.m in Sources */,
				E57C746E1CC0D8AA00A56DF8 /* DateUtil.m in Sources */,
				E549F8DE1CBDDCF8007154F9 /* MenuAppLogoTableViewCell.m in Sources */,
				E55D7A6B1CC750400088930C /* SportTrendViewController.m in Sources */,
				E59AAE5B1CC08C74004EDA7B /* SportDataDto.m in Sources */,
				E549F8E21CBE35EE007154F9 /* PedometerViewController.m in Sources */,
				E56384ED1CB6052D00ED951E /* SportViewController.m in Sources */,
				E55D7A651CC74F2A0088930C /* LPLineChartViewLayout.m in Sources */,
				E59AAE541CC08B06004EDA7B /* SportEntity.m in Sources */,
				E57C746A1CC0C03B00A56DF8 /* SettingAgeWeightSexCell.m in Sources */,
				E55D79EA1CC4C7F50088930C /* SportResultViewController.m in Sources */,
				E55D7A631CC74F2A0088930C /* LPLineChartView.m in Sources */,
				E5BB42C01D002AAF001B939A /* MonthSportDataInfo.m in Sources */,
				E56384E31CB5F6B500ED951E /* CountdownView.m in Sources */,
				E55D79F81CC5C59D0088930C /* SportDistanceCell.m in Sources */,
				E57C74711CC0EA8900A56DF8 /* HeightPickerView.m in Sources */,
				E5730C511D0555A700DC9D06 /* ShareViewController.m in Sources */,
				DD4374E71CB49ADC0044D862 /* main.m in Sources */,
			);
			runOnlyForDeploymentPostprocessing = 0;
		};
/* End PBXSourcesBuildPhase section */

/* Begin PBXVariantGroup section */
		DD4374EE1CB49ADC0044D862 /* Main.storyboard */ = {
			isa = PBXVariantGroup;
			children = (
				DD4374EF1CB49ADC0044D862 /* Base */,
			);
			name = Main.storyboard;
			sourceTree = "<group>";
		};
		DD4374F31CB49ADC0044D862 /* LaunchScreen.storyboard */ = {
			isa = PBXVariantGroup;
			children = (
				DD4374F41CB49ADC0044D862 /* Base */,
			);
			name = LaunchScreen.storyboard;
			sourceTree = "<group>";
		};
/* End PBXVariantGroup section */

/* Begin XCBuildConfiguration section */
		DD4374F71CB49ADC0044D862 /* Debug */ = {
			isa = XCBuildConfiguration;
			buildSettings = {
				ALWAYS_SEARCH_USER_PATHS = NO;
				CLANG_ANALYZER_NONNULL = YES;
				CLANG_CXX_LANGUAGE_STANDARD = "gnu++0x";
				CLANG_CXX_LIBRARY = "libc++";
				CLANG_ENABLE_MODULES = YES;
				CLANG_ENABLE_OBJC_ARC = YES;
				CLANG_WARN_BOOL_CONVERSION = YES;
				CLANG_WARN_CONSTANT_CONVERSION = YES;
				CLANG_WARN_DIRECT_OBJC_ISA_USAGE = YES_ERROR;
				CLANG_WARN_EMPTY_BODY = YES;
				CLANG_WARN_ENUM_CONVERSION = YES;
				CLANG_WARN_INT_CONVERSION = YES;
				CLANG_WARN_OBJC_ROOT_CLASS = YES_ERROR;
				CLANG_WARN_UNREACHABLE_CODE = YES;
				CLANG_WARN__DUPLICATE_METHOD_MATCH = YES;
				CODE_SIGN_IDENTITY = "iPhone Developer: Ye Ren (ZD62VM2DLP)";
				"CODE_SIGN_IDENTITY[sdk=iphoneos*]" = "iPhone Developer: Ye Ren (ZD62VM2DLP)";
				COPY_PHASE_STRIP = NO;
				DEBUG_INFORMATION_FORMAT = dwarf;
				ENABLE_STRICT_OBJC_MSGSEND = YES;
				ENABLE_TESTABILITY = YES;
				GCC_C_LANGUAGE_STANDARD = gnu99;
				GCC_DYNAMIC_NO_PIC = NO;
				GCC_NO_COMMON_BLOCKS = YES;
				GCC_OPTIMIZATION_LEVEL = 0;
				GCC_PREPROCESSOR_DEFINITIONS = (
					"DEBUG=1",
					"$(inherited)",
				);
				GCC_WARN_64_TO_32_BIT_CONVERSION = YES;
				GCC_WARN_ABOUT_RETURN_TYPE = YES_ERROR;
				GCC_WARN_UNDECLARED_SELECTOR = YES;
				GCC_WARN_UNINITIALIZED_AUTOS = YES_AGGRESSIVE;
				GCC_WARN_UNUSED_FUNCTION = YES;
				GCC_WARN_UNUSED_VARIABLE = YES;
				IPHONEOS_DEPLOYMENT_TARGET = 8.0;
				MTL_ENABLE_DEBUG_INFO = YES;
				ONLY_ACTIVE_ARCH = YES;
				PROVISIONING_PROFILE = "238ec42a-d9d4-4b93-a22f-e15e58ffa445";
				SDKROOT = iphoneos;
			};
			name = Debug;
		};
		DD4374F81CB49ADC0044D862 /* Release */ = {
			isa = XCBuildConfiguration;
			buildSettings = {
				ALWAYS_SEARCH_USER_PATHS = NO;
				CLANG_ANALYZER_NONNULL = YES;
				CLANG_CXX_LANGUAGE_STANDARD = "gnu++0x";
				CLANG_CXX_LIBRARY = "libc++";
				CLANG_ENABLE_MODULES = YES;
				CLANG_ENABLE_OBJC_ARC = YES;
				CLANG_WARN_BOOL_CONVERSION = YES;
				CLANG_WARN_CONSTANT_CONVERSION = YES;
				CLANG_WARN_DIRECT_OBJC_ISA_USAGE = YES_ERROR;
				CLANG_WARN_EMPTY_BODY = YES;
				CLANG_WARN_ENUM_CONVERSION = YES;
				CLANG_WARN_INT_CONVERSION = YES;
				CLANG_WARN_OBJC_ROOT_CLASS = YES_ERROR;
				CLANG_WARN_UNREACHABLE_CODE = YES;
				CLANG_WARN__DUPLICATE_METHOD_MATCH = YES;
				CODE_SIGN_IDENTITY = "iPhone Developer: Ye Ren (ZD62VM2DLP)";
				"CODE_SIGN_IDENTITY[sdk=iphoneos*]" = "iPhone Developer: Ye Ren (ZD62VM2DLP)";
				COPY_PHASE_STRIP = NO;
				DEBUG_INFORMATION_FORMAT = "dwarf-with-dsym";
				ENABLE_NS_ASSERTIONS = NO;
				ENABLE_STRICT_OBJC_MSGSEND = YES;
				GCC_C_LANGUAGE_STANDARD = gnu99;
				GCC_NO_COMMON_BLOCKS = YES;
				GCC_WARN_64_TO_32_BIT_CONVERSION = YES;
				GCC_WARN_ABOUT_RETURN_TYPE = YES_ERROR;
				GCC_WARN_UNDECLARED_SELECTOR = YES;
				GCC_WARN_UNINITIALIZED_AUTOS = YES_AGGRESSIVE;
				GCC_WARN_UNUSED_FUNCTION = YES;
				GCC_WARN_UNUSED_VARIABLE = YES;
				IPHONEOS_DEPLOYMENT_TARGET = 8.0;
				MTL_ENABLE_DEBUG_INFO = NO;
				PROVISIONING_PROFILE = "238ec42a-d9d4-4b93-a22f-e15e58ffa445";
				SDKROOT = iphoneos;
				VALIDATE_PRODUCT = YES;
			};
			name = Release;
		};
		DD4374FA1CB49ADC0044D862 /* Debug */ = {
			isa = XCBuildConfiguration;
			buildSettings = {
				ASSETCATALOG_COMPILER_APPICON_NAME = AppIcon;
				FRAMEWORK_SEARCH_PATHS = (
					"$(inherited)",
					"$(PROJECT_DIR)/iRun/Framework",
				);
				INFOPLIST_FILE = iRun/Info.plist;
				IPHONEOS_DEPLOYMENT_TARGET = 8.0;
				LD_RUNPATH_SEARCH_PATHS = "$(inherited) @executable_path/Frameworks";
				ONLY_ACTIVE_ARCH = YES;
				OTHER_LDFLAGS = "-ObjC";
				PRODUCT_BUNDLE_IDENTIFIER = com.yunsung.jianbu;
				PRODUCT_NAME = "$(TARGET_NAME)";
			};
			name = Debug;
		};
		DD4374FB1CB49ADC0044D862 /* Release */ = {
			isa = XCBuildConfiguration;
			buildSettings = {
				ASSETCATALOG_COMPILER_APPICON_NAME = AppIcon;
				FRAMEWORK_SEARCH_PATHS = (
					"$(inherited)",
					"$(PROJECT_DIR)/iRun/Framework",
				);
				INFOPLIST_FILE = iRun/Info.plist;
				IPHONEOS_DEPLOYMENT_TARGET = 8.0;
				LD_RUNPATH_SEARCH_PATHS = "$(inherited) @executable_path/Frameworks";
				OTHER_LDFLAGS = "-ObjC";
				PRODUCT_BUNDLE_IDENTIFIER = com.yunsung.jianbu;
				PRODUCT_NAME = "$(TARGET_NAME)";
			};
			name = Release;
		};
/* End XCBuildConfiguration section */

/* Begin XCConfigurationList section */
		DD4374DD1CB49ADC0044D862 /* Build configuration list for PBXProject "iRun" */ = {
			isa = XCConfigurationList;
			buildConfigurations = (
				DD4374F71CB49ADC0044D862 /* Debug */,
				DD4374F81CB49ADC0044D862 /* Release */,
			);
			defaultConfigurationIsVisible = 0;
			defaultConfigurationName = Release;
		};
		DD4374F91CB49ADC0044D862 /* Build configuration list for PBXNativeTarget "iRun" */ = {
			isa = XCConfigurationList;
			buildConfigurations = (
				DD4374FA1CB49ADC0044D862 /* Debug */,
				DD4374FB1CB49ADC0044D862 /* Release */,
			);
			defaultConfigurationIsVisible = 0;
			defaultConfigurationName = Release;
		};
/* End XCConfigurationList section */

/* Begin XCVersionGroup section */
		E549F8C61CBCD995007154F9 /* iRun.xcdatamodeld */ = {
			isa = XCVersionGroup;
			children = (
				E549F8C71CBCD995007154F9 /* iRun.xcdatamodel */,
			);
			currentVersion = E549F8C71CBCD995007154F9 /* iRun.xcdatamodel */;
			path = iRun.xcdatamodeld;
			sourceTree = "<group>";
			versionGroupType = wrapper.xcdatamodel;
		};
/* End XCVersionGroup section */
	};
	rootObject = DD4374DA1CB49ADC0044D862 /* Project object */;
}
